
Microsoft Visual Studio Solution File, Format Version 12.00
# Visual Studio Version 17
VisualStudioVersion = 17.12.35707.178
MinimumVisualStudioVersion = 10.0.40219.1
Project("{FAE04EC0-301F-11D3-BF4B-00C04F79EFBC}") = "Domain", "SportsLeague.Domain\Domain.csproj", "{9EF1877B-1642-48D8-8953-A37E6E0D14F0}"
EndProject
Project("{FAE04EC0-301F-11D3-BF4B-00C04F79EFBC}") = "Application", "Application\Application.csproj", "{BDFA4425-D214-43D5-B744-4E421312EFD1}"
EndProject
Project("{FAE04EC0-301F-11D3-BF4B-00C04F79EFBC}") = "Infrastructure", "Infrastructure\Infrastructure.csproj", "{C1AF7652-3CE4-4B3B-83D4-C572FBCF1781}"
EndProject
Project("{FAE04EC0-301F-11D3-BF4B-00C04F79EFBC}") = "API", "API\API.csproj", "{9D8E163A-CE33-4E2D-A0DC-6EFEC23BE564}"
EndProject
Project("{FAE04EC0-301F-11D3-BF4B-00C04F79EFBC}") = "Tests", "Test\Tests.csproj", "{688251DB-A02F-40E7-9D9D-505585AE57B5}"
EndProject
Global
	GlobalSection(SolutionConfigurationPlatforms) = preSolution
		Debug|Any CPU = Debug|Any CPU
		Release|Any CPU = Release|Any CPU
	EndGlobalSection
	GlobalSection(ProjectConfigurationPlatforms) = postSolution
		{9EF1877B-1642-48D8-8953-A37E6E0D14F0}.Debug|Any CPU.ActiveCfg = Debug|Any CPU
		{9EF1877B-1642-48D8-8953-A37E6E0D14F0}.Debug|Any CPU.Build.0 = Debug|Any CPU
		{9EF1877B-1642-48D8-8953-A37E6E0D14F0}.Release|Any CPU.ActiveCfg = Release|Any CPU
		{9EF1877B-1642-48D8-8953-A37E6E0D14F0}.Release|Any CPU.Build.0 = Release|Any CPU
		{BDFA4425-D214-43D5-B744-4E421312EFD1}.Debug|Any CPU.ActiveCfg = Debug|Any CPU
		{BDFA4425-D214-43D5-B744-4E421312EFD1}.Debug|Any CPU.Build.0 = Debug|Any CPU
		{BDFA4425-D214-43D5-B744-4E421312EFD1}.Release|Any CPU.ActiveCfg = Release|Any CPU
		{BDFA4425-D214-43D5-B744-4E421312EFD1}.Release|Any CPU.Build.0 = Release|Any CPU
		{C1AF7652-3CE4-4B3B-83D4-C572FBCF1781}.Debug|Any CPU.ActiveCfg = Debug|Any CPU
		{C1AF7652-3CE4-4B3B-83D4-C572FBCF1781}.Debug|Any CPU.Build.0 = Debug|Any CPU
		{C1AF7652-3CE4-4B3B-83D4-C572FBCF1781}.Release|Any CPU.ActiveCfg = Release|Any CPU
		{C1AF7652-3CE4-4B3B-83D4-C572FBCF1781}.Release|Any CPU.Build.0 = Release|Any CPU
		{9D8E163A-CE33-4E2D-A0DC-6EFEC23BE564}.Debug|Any CPU.ActiveCfg = Debug|Any CPU
		{9D8E163A-CE33-4E2D-A0DC-6EFEC23BE564}.Debug|Any CPU.Build.0 = Debug|Any CPU
		{9D8E163A-CE33-4E2D-A0DC-6EFEC23BE564}.Release|Any CPU.ActiveCfg = Release|Any CPU
		{9D8E163A-CE33-4E2D-A0DC-6EFEC23BE564}.Release|Any CPU.Build.0 = Release|Any CPU
		{688251DB-A02F-40E7-9D9D-505585AE57B5}.Debug|Any CPU.ActiveCfg = Debug|Any CPU
		{688251DB-A02F-40E7-9D9D-505585AE57B5}.Debug|Any CPU.Build.0 = Debug|Any CPU
		{688251DB-A02F-40E7-9D9D-505585AE57B5}.Release|Any CPU.ActiveCfg = Release|Any CPU
		{688251DB-A02F-40E7-9D9D-505585AE57B5}.Release|Any CPU.Build.0 = Release|Any CPU
	EndGlobalSection
	GlobalSection(SolutionProperties) = preSolution
		HideSolutionNode = FALSE
	EndGlobalSection
EndGlobal
