
Microsoft Visual Studio Solution File, Format Version 12.00
# Visual Studio Version 17
VisualStudioVersion = 17.12.35707.178
MinimumVisualStudioVersion = 10.0.40219.1
Project("{FAE04EC0-301F-11D3-BF4B-00C04F79EFBC}") = "Application", "Application\Application.csproj", "{BDFA4425-D214-43D5-B744-4E421312EFD1}"
EndProject
Project("{FAE04EC0-301F-11D3-BF4B-00C04F79EFBC}") = "Infrastructure", "Infrastructure\Infrastructure.csproj", "{C1AF7652-3CE4-4B3B-83D4-C572FBCF1781}"
EndProject
Project("{FAE04EC0-301F-11D3-BF4B-00C04F79EFBC}") = "API", "API\API.csproj", "{9D8E163A-CE33-4E2D-A0DC-6EFEC23BE564}"
EndProject
Project("{FAE04EC0-301F-11D3-BF4B-00C04F79EFBC}") = "Domain", "Domain\Domain.csproj", "{35F594E9-1531-4008-AF83-77223A99523C}"
EndProject
Project("{FAE04EC0-301F-11D3-BF4B-00C04F79EFBC}") = "Tests", "Tests\Tests.csproj", "{40F94AA2-8446-48A5-AF6E-31F78AA06823}"
EndProject
Global
	GlobalSection(SolutionConfigurationPlatforms) = preSolution
		Debug|Any CPU = Debug|Any CPU
		Release|Any CPU = Release|Any CPU
	EndGlobalSection
	GlobalSection(ProjectConfigurationPlatforms) = postSolution
		{BDFA4425-D214-43D5-B744-4E421312EFD1}.Debug|Any CPU.ActiveCfg = Debug|Any CPU
		{BDFA4425-D214-43D5-B744-4E421312EFD1}.Debug|Any CPU.Build.0 = Debug|Any CPU
		{BDFA4425-D214-43D5-B744-4E421312EFD1}.Release|Any CPU.ActiveCfg = Release|Any CPU
		{BDFA4425-D214-43D5-B744-4E421312EFD1}.Release|Any CPU.Build.0 = Release|Any CPU
		{C1AF7652-3CE4-4B3B-83D4-C572FBCF1781}.Debug|Any CPU.ActiveCfg = Debug|Any CPU
		{C1AF7652-3CE4-4B3B-83D4-C572FBCF1781}.Debug|Any CPU.Build.0 = Debug|Any CPU
		{C1AF7652-3CE4-4B3B-83D4-C572FBCF1781}.Release|Any CPU.ActiveCfg = Release|Any CPU
		{C1AF7652-3CE4-4B3B-83D4-C572FBCF1781}.Release|Any CPU.Build.0 = Release|Any CPU
		{9D8E163A-CE33-4E2D-A0DC-6EFEC23BE564}.Debug|Any CPU.ActiveCfg = Debug|Any CPU
		{9D8E163A-CE33-4E2D-A0DC-6EFEC23BE564}.Debug|Any CPU.Build.0 = Debug|Any CPU
		{9D8E163A-CE33-4E2D-A0DC-6EFEC23BE564}.Release|Any CPU.ActiveCfg = Release|Any CPU
		{9D8E163A-CE33-4E2D-A0DC-6EFEC23BE564}.Release|Any CPU.Build.0 = Release|Any CPU
		{35F594E9-1531-4008-AF83-77223A99523C}.Debug|Any CPU.ActiveCfg = Debug|Any CPU
		{35F594E9-1531-4008-AF83-77223A99523C}.Debug|Any CPU.Build.0 = Debug|Any CPU
		{35F594E9-1531-4008-AF83-77223A99523C}.Release|Any CPU.ActiveCfg = Release|Any CPU
		{35F594E9-1531-4008-AF83-77223A99523C}.Release|Any CPU.Build.0 = Release|Any CPU
		{40F94AA2-8446-48A5-AF6E-31F78AA06823}.Debug|Any CPU.ActiveCfg = Debug|Any CPU
		{40F94AA2-8446-48A5-AF6E-31F78AA06823}.Debug|Any CPU.Build.0 = Debug|Any CPU
		{40F94AA2-8446-48A5-AF6E-31F78AA06823}.Release|Any CPU.ActiveCfg = Release|Any CPU
		{40F94AA2-8446-48A5-AF6E-31F78AA06823}.Release|Any CPU.Build.0 = Release|Any CPU
	EndGlobalSection
	GlobalSection(SolutionProperties) = preSolution
		HideSolutionNode = FALSE
	EndGlobalSection
EndGlobal
